
Microsoft Visual Studio Solution File, Format Version 12.00
# Visual Studio 15
VisualStudioVersion = 15.0.27703.2042
MinimumVisualStudioVersion = 10.0.40219.1
Project("{FAE04EC0-301F-11D3-BF4B-00C04F79EFBC}") = "Lab 5", "Lab 5\Lab 5.csproj", "{B181DFEC-51E6-4734-823D-91D7F7AFD0C2}"
EndProject
Global
	GlobalSection(SolutionConfigurationPlatforms) = preSolution
		Debug|Any CPU = Debug|Any CPU
		Release|Any CPU = Release|Any CPU
	EndGlobalSection
	GlobalSection(ProjectConfigurationPlatforms) = postSolution
		{B181DFEC-51E6-4734-823D-91D7F7AFD0C2}.Debug|Any CPU.ActiveCfg = Debug|Any CPU
		{B181DFEC-51E6-4734-823D-91D7F7AFD0C2}.Debug|Any CPU.Build.0 = Debug|Any CPU
		{B181DFEC-51E6-4734-823D-91D7F7AFD0C2}.Release|Any CPU.ActiveCfg = Release|Any CPU
		{B181DFEC-51E6-4734-823D-91D7F7AFD0C2}.Release|Any CPU.Build.0 = Release|Any CPU
	EndGlobalSection
	GlobalSection(SolutionProperties) = preSolution
		HideSolutionNode = FALSE
	EndGlobalSection
	GlobalSection(ExtensibilityGlobals) = postSolution
		SolutionGuid = {46AC2443-174E-47C6-87AD-187A90F7B4D0}
	EndGlobalSection
EndGlobal
